
Microsoft Visual Studio Solution File, Format Version 12.00
# Visual Studio Version 16
VisualStudioVersion = 16.0.30320.27
MinimumVisualStudioVersion = 10.0.40219.1
Project("{FAE04EC0-301F-11D3-BF4B-00C04F79EFBC}") = "DryMUD", "DryMUD\DryMUD.csproj", "{8A6D63A5-5E10-40E7-80F1-5B66D3ADD8A0}"
EndProject
Global
	GlobalSection(SolutionConfigurationPlatforms) = preSolution
		Debug|Any CPU = Debug|Any CPU
		Release|Any CPU = Release|Any CPU
	EndGlobalSection
	GlobalSection(ProjectConfigurationPlatforms) = postSolution
		{8A6D63A5-5E10-40E7-80F1-5B66D3ADD8A0}.Debug|Any CPU.ActiveCfg = Debug|Any CPU
		{8A6D63A5-5E10-40E7-80F1-5B66D3ADD8A0}.Debug|Any CPU.Build.0 = Debug|Any CPU
		{8A6D63A5-5E10-40E7-80F1-5B66D3ADD8A0}.Release|Any CPU.ActiveCfg = Release|Any CPU
		{8A6D63A5-5E10-40E7-80F1-5B66D3ADD8A0}.Release|Any CPU.Build.0 = Release|Any CPU
	EndGlobalSection
	GlobalSection(SolutionProperties) = preSolution
		HideSolutionNode = FALSE
	EndGlobalSection
	GlobalSection(ExtensibilityGlobals) = postSolution
		SolutionGuid = {D258795F-15E2-413B-BA93-670939213B4F}
	EndGlobalSection
EndGlobal
